// !$*UTF8*$!
{
	archiveVersion = 1;
	classes = {
	};
	objectVersion = 50;
	objects = {

/* Begin PBXBuildFile section */
		8A6CE20426685DF6006A2348 /* IMOVEDApp.swift in Sources */ = {isa = PBXBuildFile; fileRef = 8A6CE20326685DF6006A2348 /* IMOVEDApp.swift */; };
		8A6CE20826685DF7006A2348 /* Assets.xcassets in Resources */ = {isa = PBXBuildFile; fileRef = 8A6CE20726685DF7006A2348 /* Assets.xcassets */; };
		8A6CE20B26685DF7006A2348 /* Preview Assets.xcassets in Resources */ = {isa = PBXBuildFile; fileRef = 8A6CE20A26685DF7006A2348 /* Preview Assets.xcassets */; };
		8A6CE22726685E1D006A2348 /* Contact.swift in Sources */ = {isa = PBXBuildFile; fileRef = 8A6CE21326685E1D006A2348 /* Contact.swift */; };
		8A6CE22B26685E1D006A2348 /* HomeView.swift in Sources */ = {isa = PBXBuildFile; fileRef = 8A6CE21826685E1D006A2348 /* HomeView.swift */; };
		8A6CE22C26685E1D006A2348 /* ContactCardView.swift in Sources */ = {isa = PBXBuildFile; fileRef = 8A6CE21926685E1D006A2348 /* ContactCardView.swift */; };
		8A6CE22D26685E1D006A2348 /* MessageToContacts.swift in Sources */ = {isa = PBXBuildFile; fileRef = 8A6CE21A26685E1D006A2348 /* MessageToContacts.swift */; };
		8A6CE22E26685E1D006A2348 /* SplashView.swift in Sources */ = {isa = PBXBuildFile; fileRef = 8A6CE21B26685E1D006A2348 /* SplashView.swift */; };
		8A6CE23126685E1D006A2348 /* TrimWhiteSpace.swift in Sources */ = {isa = PBXBuildFile; fileRef = 8A6CE21F26685E1D006A2348 /* TrimWhiteSpace.swift */; };
		8A6CE23526685E1D006A2348 /* ContactsRepository.swift in Sources */ = {isa = PBXBuildFile; fileRef = 8A6CE22426685E1D006A2348 /* ContactsRepository.swift */; };
		8A6CE23626685E1D006A2348 /* ContactsViewModel.swift in Sources */ = {isa = PBXBuildFile; fileRef = 8A6CE22626685E1D006A2348 /* ContactsViewModel.swift */; };
/* End PBXBuildFile section */

/* Begin PBXFileReference section */
		8A6CE20026685DF6006A2348 /* IMOVED.app */ = {isa = PBXFileReference; explicitFileType = wrapper.application; includeInIndex = 0; path = IMOVED.app; sourceTree = BUILT_PRODUCTS_DIR; };
		8A6CE20326685DF6006A2348 /* IMOVEDApp.swift */ = {isa = PBXFileReference; lastKnownFileType = sourcecode.swift; path = IMOVEDApp.swift; sourceTree = "<group>"; };
		8A6CE20726685DF7006A2348 /* Assets.xcassets */ = {isa = PBXFileReference; lastKnownFileType = folder.assetcatalog; path = Assets.xcassets; sourceTree = "<group>"; };
		8A6CE20A26685DF7006A2348 /* Preview Assets.xcassets */ = {isa = PBXFileReference; lastKnownFileType = folder.assetcatalog; path = "Preview Assets.xcassets"; sourceTree = "<group>"; };
		8A6CE20C26685DF7006A2348 /* Info.plist */ = {isa = PBXFileReference; lastKnownFileType = text.plist.xml; path = Info.plist; sourceTree = "<group>"; };
		8A6CE21326685E1D006A2348 /* Contact.swift */ = {isa = PBXFileReference; fileEncoding = 4; lastKnownFileType = sourcecode.swift; path = Contact.swift; sourceTree = "<group>"; };
		8A6CE21826685E1D006A2348 /* HomeView.swift */ = {isa = PBXFileReference; fileEncoding = 4; lastKnownFileType = sourcecode.swift; path = HomeView.swift; sourceTree = "<group>"; };
		8A6CE21926685E1D006A2348 /* ContactCardView.swift */ = {isa = PBXFileReference; fileEncoding = 4; lastKnownFileType = sourcecode.swift; path = ContactCardView.swift; sourceTree = "<group>"; };
		8A6CE21A26685E1D006A2348 /* MessageToContacts.swift */ = {isa = PBXFileReference; fileEncoding = 4; lastKnownFileType = sourcecode.swift; path = MessageToContacts.swift; sourceTree = "<group>"; };
		8A6CE21B26685E1D006A2348 /* SplashView.swift */ = {isa = PBXFileReference; fileEncoding = 4; lastKnownFileType = sourcecode.swift; path = SplashView.swift; sourceTree = "<group>"; };
		8A6CE21F26685E1D006A2348 /* TrimWhiteSpace.swift */ = {isa = PBXFileReference; fileEncoding = 4; lastKnownFileType = sourcecode.swift; path = TrimWhiteSpace.swift; sourceTree = "<group>"; };
		8A6CE22426685E1D006A2348 /* ContactsRepository.swift */ = {isa = PBXFileReference; fileEncoding = 4; lastKnownFileType = sourcecode.swift; path = ContactsRepository.swift; sourceTree = "<group>"; };
		8A6CE22626685E1D006A2348 /* ContactsViewModel.swift */ = {isa = PBXFileReference; fileEncoding = 4; lastKnownFileType = sourcecode.swift; path = ContactsViewModel.swift; sourceTree = "<group>"; };
/* End PBXFileReference section */

/* Begin PBXFrameworksBuildPhase section */
		8A6CE1FD26685DF6006A2348 /* Frameworks */ = {
			isa = PBXFrameworksBuildPhase;
			buildActionMask = 2147483647;
			files = (
			);
			runOnlyForDeploymentPostprocessing = 0;
		};
/* End PBXFrameworksBuildPhase section */

/* Begin PBXGroup section */
		8A6CE1F726685DF6006A2348 = {
			isa = PBXGroup;
			children = (
				8A6CE20226685DF6006A2348 /* IMOVED */,
				8A6CE20126685DF6006A2348 /* Products */,
			);
			sourceTree = "<group>";
		};
		8A6CE20126685DF6006A2348 /* Products */ = {
			isa = PBXGroup;
			children = (
				8A6CE20026685DF6006A2348 /* IMOVED.app */,
			);
			name = Products;
			sourceTree = "<group>";
		};
		8A6CE20226685DF6006A2348 /* IMOVED */ = {
			isa = PBXGroup;
			children = (
				8A6CE21226685E1D006A2348 /* Model */,
				8A6CE22326685E1D006A2348 /* Repositories */,
				8A6CE21E26685E1D006A2348 /* Utils */,
				8A6CE21726685E1D006A2348 /* View */,
				8A6CE22526685E1D006A2348 /* ViewModel */,
				8A6CE20326685DF6006A2348 /* IMOVEDApp.swift */,
				8A6CE20726685DF7006A2348 /* Assets.xcassets */,
				8A6CE20C26685DF7006A2348 /* Info.plist */,
				8A6CE20926685DF7006A2348 /* Preview Content */,
			);
			path = IMOVED;
			sourceTree = "<group>";
		};
		8A6CE20926685DF7006A2348 /* Preview Content */ = {
			isa = PBXGroup;
			children = (
				8A6CE20A26685DF7006A2348 /* Preview Assets.xcassets */,
			);
			path = "Preview Content";
			sourceTree = "<group>";
		};
		8A6CE21226685E1D006A2348 /* Model */ = {
			isa = PBXGroup;
			children = (
				8A6CE21326685E1D006A2348 /* Contact.swift */,
			);
			name = Model;
			path = "../../swift files/Model";
			sourceTree = "<group>";
		};
		8A6CE21726685E1D006A2348 /* View */ = {
			isa = PBXGroup;
			children = (
				8A6CE21B26685E1D006A2348 /* SplashView.swift */,
				8A6CE21826685E1D006A2348 /* HomeView.swift */,
				8A6CE21926685E1D006A2348 /* ContactCardView.swift */,
				8A6CE21A26685E1D006A2348 /* MessageToContacts.swift */,
			);
			name = View;
			path = "../../swift files/View";
			sourceTree = "<group>";
		};
		8A6CE21E26685E1D006A2348 /* Utils */ = {
			isa = PBXGroup;
			children = (
				8A6CE21F26685E1D006A2348 /* TrimWhiteSpace.swift */,
			);
			name = Utils;
			path = "../../swift files/Utils";
			sourceTree = "<group>";
		};
		8A6CE22326685E1D006A2348 /* Repositories */ = {
			isa = PBXGroup;
			children = (
				8A6CE22426685E1D006A2348 /* ContactsRepository.swift */,
			);
			name = Repositories;
			path = "../../swift files/Repositories";
			sourceTree = "<group>";
		};
		8A6CE22526685E1D006A2348 /* ViewModel */ = {
			isa = PBXGroup;
			children = (
				8A6CE22626685E1D006A2348 /* ContactsViewModel.swift */,
			);
			name = ViewModel;
			path = "../../swift files/ViewModel";
			sourceTree = "<group>";
		};
/* End PBXGroup section */

/* Begin PBXNativeTarget section */
		8A6CE1FF26685DF6006A2348 /* IMOVED */ = {
			isa = PBXNativeTarget;
			buildConfigurationList = 8A6CE20F26685DF7006A2348 /* Build configuration list for PBXNativeTarget "IMOVED" */;
			buildPhases = (
				8A6CE1FC26685DF6006A2348 /* Sources */,
				8A6CE1FD26685DF6006A2348 /* Frameworks */,
				8A6CE1FE26685DF6006A2348 /* Resources */,
			);
			buildRules = (
			);
			dependencies = (
			);
			name = IMOVED;
			productName = IMOVED;
			productReference = 8A6CE20026685DF6006A2348 /* IMOVED.app */;
			productType = "com.apple.product-type.application";
		};
/* End PBXNativeTarget section */

/* Begin PBXProject section */
		8A6CE1F826685DF6006A2348 /* Project object */ = {
			isa = PBXProject;
			attributes = {
				LastSwiftUpdateCheck = 1250;
				LastUpgradeCheck = 1250;
				TargetAttributes = {
					8A6CE1FF26685DF6006A2348 = {
						CreatedOnToolsVersion = 12.5;
					};
				};
			};
			buildConfigurationList = 8A6CE1FB26685DF6006A2348 /* Build configuration list for PBXProject "IMOVED" */;
			compatibilityVersion = "Xcode 9.3";
			developmentRegion = en;
			hasScannedForEncodings = 0;
			knownRegions = (
				en,
				Base,
			);
			mainGroup = 8A6CE1F726685DF6006A2348;
			productRefGroup = 8A6CE20126685DF6006A2348 /* Products */;
			projectDirPath = "";
			projectRoot = "";
			targets = (
				8A6CE1FF26685DF6006A2348 /* IMOVED */,
			);
		};
/* End PBXProject section */

/* Begin PBXResourcesBuildPhase section */
		8A6CE1FE26685DF6006A2348 /* Resources */ = {
			isa = PBXResourcesBuildPhase;
			buildActionMask = 2147483647;
			files = (
				8A6CE20B26685DF7006A2348 /* Preview Assets.xcassets in Resources */,
				8A6CE20826685DF7006A2348 /* Assets.xcassets in Resources */,
			);
			runOnlyForDeploymentPostprocessing = 0;
		};
/* End PBXResourcesBuildPhase section */

/* Begin PBXSourcesBuildPhase section */
		8A6CE1FC26685DF6006A2348 /* Sources */ = {
			isa = PBXSourcesBuildPhase;
			buildActionMask = 2147483647;
			files = (
				8A6CE22726685E1D006A2348 /* Contact.swift in Sources */,
				8A6CE22C26685E1D006A2348 /* ContactCardView.swift in Sources */,
				8A6CE22B26685E1D006A2348 /* HomeView.swift in Sources */,
				8A6CE23626685E1D006A2348 /* ContactsViewModel.swift in Sources */,
				8A6CE22D26685E1D006A2348 /* MessageToContacts.swift in Sources */,
				8A6CE22E26685E1D006A2348 /* SplashView.swift in Sources */,
				8A6CE20426685DF6006A2348 /* IMOVEDApp.swift in Sources */,
				8A6CE23526685E1D006A2348 /* ContactsRepository.swift in Sources */,
				8A6CE23126685E1D006A2348 /* TrimWhiteSpace.swift in Sources */,
			);
			runOnlyForDeploymentPostprocessing = 0;
		};
/* End PBXSourcesBuildPhase section */

/* Begin XCBuildConfiguration section */
		8A6CE20D26685DF7006A2348 /* Debug */ = {
			isa = XCBuildConfiguration;
			buildSettings = {
				ALWAYS_SEARCH_USER_PATHS = NO;
				CLANG_ANALYZER_NONNULL = YES;
				CLANG_ANALYZER_NUMBER_OBJECT_CONVERSION = YES_AGGRESSIVE;
				CLANG_CXX_LANGUAGE_STANDARD = "gnu++14";
				CLANG_CXX_LIBRARY = "libc++";
				CLANG_ENABLE_MODULES = YES;
				CLANG_ENABLE_OBJC_ARC = YES;
				CLANG_ENABLE_OBJC_WEAK = YES;
				CLANG_WARN_BLOCK_CAPTURE_AUTORELEASING = YES;
				CLANG_WARN_BOOL_CONVERSION = YES;
				CLANG_WARN_COMMA = YES;
				CLANG_WARN_CONSTANT_CONVERSION = YES;
				CLANG_WARN_DEPRECATED_OBJC_IMPLEMENTATIONS = YES;
				CLANG_WARN_DIRECT_OBJC_ISA_USAGE = YES_ERROR;
				CLANG_WARN_DOCUMENTATION_COMMENTS = YES;
				CLANG_WARN_EMPTY_BODY = YES;
				CLANG_WARN_ENUM_CONVERSION = YES;
				CLANG_WARN_INFINITE_RECURSION = YES;
				CLANG_WARN_INT_CONVERSION = YES;
				CLANG_WARN_NON_LITERAL_NULL_CONVERSION = YES;
				CLANG_WARN_OBJC_IMPLICIT_RETAIN_SELF = YES;
				CLANG_WARN_OBJC_LITERAL_CONVERSION = YES;
				CLANG_WARN_OBJC_ROOT_CLASS = YES_ERROR;
				CLANG_WARN_QUOTED_INCLUDE_IN_FRAMEWORK_HEADER = YES;
				CLANG_WARN_RANGE_LOOP_ANALYSIS = YES;
				CLANG_WARN_STRICT_PROTOTYPES = YES;
				CLANG_WARN_SUSPICIOUS_MOVE = YES;
				CLANG_WARN_UNGUARDED_AVAILABILITY = YES_AGGRESSIVE;
				CLANG_WARN_UNREACHABLE_CODE = YES;
				CLANG_WARN__DUPLICATE_METHOD_MATCH = YES;
				COPY_PHASE_STRIP = NO;
				DEBUG_INFORMATION_FORMAT = dwarf;
				ENABLE_STRICT_OBJC_MSGSEND = YES;
				ENABLE_TESTABILITY = YES;
				GCC_C_LANGUAGE_STANDARD = gnu11;
				GCC_DYNAMIC_NO_PIC = NO;
				GCC_NO_COMMON_BLOCKS = YES;
				GCC_OPTIMIZATION_LEVEL = 0;
				GCC_PREPROCESSOR_DEFINITIONS = (
					"DEBUG=1",
					"$(inherited)",
				);
				GCC_WARN_64_TO_32_BIT_CONVERSION = YES;
				GCC_WARN_ABOUT_RETURN_TYPE = YES_ERROR;
				GCC_WARN_UNDECLARED_SELECTOR = YES;
				GCC_WARN_UNINITIALIZED_AUTOS = YES_AGGRESSIVE;
				GCC_WARN_UNUSED_FUNCTION = YES;
				GCC_WARN_UNUSED_VARIABLE = YES;
				IPHONEOS_DEPLOYMENT_TARGET = 14.5;
				MTL_ENABLE_DEBUG_INFO = INCLUDE_SOURCE;
				MTL_FAST_MATH = YES;
				ONLY_ACTIVE_ARCH = YES;
				SDKROOT = iphoneos;
				SWIFT_ACTIVE_COMPILATION_CONDITIONS = DEBUG;
				SWIFT_OPTIMIZATION_LEVEL = "-Onone";
			};
			name = Debug;
		};
		8A6CE20E26685DF7006A2348 /* Release */ = {
			isa = XCBuildConfiguration;
			buildSettings = {
				ALWAYS_SEARCH_USER_PATHS = NO;
				CLANG_ANALYZER_NONNULL = YES;
				CLANG_ANALYZER_NUMBER_OBJECT_CONVERSION = YES_AGGRESSIVE;
				CLANG_CXX_LANGUAGE_STANDARD = "gnu++14";
				CLANG_CXX_LIBRARY = "libc++";
				CLANG_ENABLE_MODULES = YES;
				CLANG_ENABLE_OBJC_ARC = YES;
				CLANG_ENABLE_OBJC_WEAK = YES;
				CLANG_WARN_BLOCK_CAPTURE_AUTORELEASING = YES;
				CLANG_WARN_BOOL_CONVERSION = YES;
				CLANG_WARN_COMMA = YES;
				CLANG_WARN_CONSTANT_CONVERSION = YES;
				CLANG_WARN_DEPRECATED_OBJC_IMPLEMENTATIONS = YES;
				CLANG_WARN_DIRECT_OBJC_ISA_USAGE = YES_ERROR;
				CLANG_WARN_DOCUMENTATION_COMMENTS = YES;
				CLANG_WARN_EMPTY_BODY = YES;
				CLANG_WARN_ENUM_CONVERSION = YES;
				CLANG_WARN_INFINITE_RECURSION = YES;
				CLANG_WARN_INT_CONVERSION = YES;
				CLANG_WARN_NON_LITERAL_NULL_CONVERSION = YES;
				CLANG_WARN_OBJC_IMPLICIT_RETAIN_SELF = YES;
				CLANG_WARN_OBJC_LITERAL_CONVERSION = YES;
				CLANG_WARN_OBJC_ROOT_CLASS = YES_ERROR;
				CLANG_WARN_QUOTED_INCLUDE_IN_FRAMEWORK_HEADER = YES;
				CLANG_WARN_RANGE_LOOP_ANALYSIS = YES;
				CLANG_WARN_STRICT_PROTOTYPES = YES;
				CLANG_WARN_SUSPICIOUS_MOVE = YES;
				CLANG_WARN_UNGUARDED_AVAILABILITY = YES_AGGRESSIVE;
				CLANG_WARN_UNREACHABLE_CODE = YES;
				CLANG_WARN__DUPLICATE_METHOD_MATCH = YES;
				COPY_PHASE_STRIP = NO;
				DEBUG_INFORMATION_FORMAT = "dwarf-with-dsym";
				ENABLE_NS_ASSERTIONS = NO;
				ENABLE_STRICT_OBJC_MSGSEND = YES;
				GCC_C_LANGUAGE_STANDARD = gnu11;
				GCC_NO_COMMON_BLOCKS = YES;
				GCC_WARN_64_TO_32_BIT_CONVERSION = YES;
				GCC_WARN_ABOUT_RETURN_TYPE = YES_ERROR;
				GCC_WARN_UNDECLARED_SELECTOR = YES;
				GCC_WARN_UNINITIALIZED_AUTOS = YES_AGGRESSIVE;
				GCC_WARN_UNUSED_FUNCTION = YES;
				GCC_WARN_UNUSED_VARIABLE = YES;
				IPHONEOS_DEPLOYMENT_TARGET = 14.5;
				MTL_ENABLE_DEBUG_INFO = NO;
				MTL_FAST_MATH = YES;
				SDKROOT = iphoneos;
				SWIFT_COMPILATION_MODE = wholemodule;
				SWIFT_OPTIMIZATION_LEVEL = "-O";
				VALIDATE_PRODUCT = YES;
			};
			name = Release;
		};
		8A6CE21026685DF7006A2348 /* Debug */ = {
			isa = XCBuildConfiguration;
			buildSettings = {
				ASSETCATALOG_COMPILER_APPICON_NAME = AppIcon;
				ASSETCATALOG_COMPILER_GLOBAL_ACCENT_COLOR_NAME = AccentColor;
				CODE_SIGN_STYLE = Automatic;
				DEVELOPMENT_ASSET_PATHS = "\"IMOVED/Preview Content\"";
				DEVELOPMENT_TEAM = NLSA9C94UQ;
				ENABLE_PREVIEWS = YES;
				INFOPLIST_FILE = IMOVED/Info.plist;
				IPHONEOS_DEPLOYMENT_TARGET = 14.0;
				LD_RUNPATH_SEARCH_PATHS = (
					"$(inherited)",
					"@executable_path/Frameworks",
				);
				PRODUCT_BUNDLE_IDENTIFIER = com.thomascote.IMOVED;
				PRODUCT_NAME = "$(TARGET_NAME)";
				SWIFT_VERSION = 5.0;
				TARGETED_DEVICE_FAMILY = "1,2";
			};
			name = Debug;
		};
		8A6CE21126685DF7006A2348 /* Release */ = {
			isa = XCBuildConfiguration;
			buildSettings = {
				ASSETCATALOG_COMPILER_APPICON_NAME = AppIcon;
				ASSETCATALOG_COMPILER_GLOBAL_ACCENT_COLOR_NAME = AccentColor;
				CODE_SIGN_STYLE = Automatic;
				DEVELOPMENT_ASSET_PATHS = "\"IMOVED/Preview Content\"";
				DEVELOPMENT_TEAM = NLSA9C94UQ;
				ENABLE_PREVIEWS = YES;
				INFOPLIST_FILE = IMOVED/Info.plist;
				IPHONEOS_DEPLOYMENT_TARGET = 14.0;
				LD_RUNPATH_SEARCH_PATHS = (
					"$(inherited)",
					"@executable_path/Frameworks",
				);
				PRODUCT_BUNDLE_IDENTIFIER = com.thomascote.IMOVED;
				PRODUCT_NAME = "$(TARGET_NAME)";
				SWIFT_VERSION = 5.0;
				TARGETED_DEVICE_FAMILY = "1,2";
			};
			name = Release;
		};
/* End XCBuildConfiguration section */

/* Begin XCConfigurationList section */
		8A6CE1FB26685DF6006A2348 /* Build configuration list for PBXProject "IMOVED" */ = {
			isa = XCConfigurationList;
			buildConfigurations = (
				8A6CE20D26685DF7006A2348 /* Debug */,
				8A6CE20E26685DF7006A2348 /* Release */,
			);
			defaultConfigurationIsVisible = 0;
			defaultConfigurationName = Release;
		};
		8A6CE20F26685DF7006A2348 /* Build configuration list for PBXNativeTarget "IMOVED" */ = {
			isa = XCConfigurationList;
			buildConfigurations = (
				8A6CE21026685DF7006A2348 /* Debug */,
				8A6CE21126685DF7006A2348 /* Release */,
			);
			defaultConfigurationIsVisible = 0;
			defaultConfigurationName = Release;
		};
/* End XCConfigurationList section */
	};
	rootObject = 8A6CE1F826685DF6006A2348 /* Project object */;
}
